PODS:
  - Amplify (1.25.0):
    - Amplify/Default (= 1.25.0)
  - Amplify/Default (1.25.0)
  - amplify_api_ios (0.0.1):
    - Amplify (= 1.25.0)
    - amplify_core
    - AmplifyPlugins/AWSAPIPlugin (= 1.25.0)
    - Flutter
    - SwiftFormat/CLI
    - SwiftLint
  - amplify_auth_cognito_ios (0.0.1):
    - Amplify (= 1.25.0)
    - amplify_core
    - AmplifyPlugins/AWSCognitoAuthPlugin (= 1.25.0)
    - Flutter
    - ObjectMapper
  - amplify_core (0.0.1):
    - Flutter
    - SwiftFormat/CLI
    - SwiftLint
  - amplify_datastore (0.0.1):
    - Amplify (= 1.25.0)
    - amplify_core
    - AmplifyPlugins/AWSDataStorePlugin (= 1.25.0)
    - Flutter
  - amplify_flutter_ios (0.0.1):
    - Amplify (= 1.25.0)
    - amplify_core
    - AmplifyPlugins/AWSCognitoAuthPlugin (= 1.25.0)
    - AWSPluginsCore (= 1.25.0)
    - Flutter
    - SwiftFormat/CLI
    - SwiftLint
  - amplify_storage_s3_ios (0.0.1):
    - Amplify (= 1.25.0)
    - amplify_core
    - AmplifyPlugins/AWSS3StoragePlugin (= 1.25.0)
    - Flutter
  - AmplifyPlugins/AWSAPIPlugin (1.25.0):
    - AppSyncRealTimeClient (~> 1.8)
    - AWSCore (~> 2.27.0)
    - AWSPluginsCore (= 1.25.0)
  - AmplifyPlugins/AWSCognitoAuthPlugin (1.25.0):
    - AWSAuthCore (~> 2.27.0)
    - AWSCognitoIdentityProvider (~> 2.27.0)
    - AWSCognitoIdentityProviderASF (~> 2.27.0)
    - AWSCore (~> 2.27.0)
    - AWSMobileClient (~> 2.27.0)
    - AWSPluginsCore (= 1.25.0)
  - AmplifyPlugins/AWSDataStorePlugin (1.25.0):
    - AWSCore (~> 2.27.0)
    - AWSPluginsCore (= 1.25.0)
    - SQLite.swift (= 0.13.2)
  - AmplifyPlugins/AWSS3StoragePlugin (1.25.0):
    - AWSCore (~> 2.27.0)
    - AWSPluginsCore (= 1.25.0)
    - AWSS3 (~> 2.27.0)
  - AppSyncRealTimeClient (1.10.0):
    - Starscream (~> 4.0.4)
  - AWSAuthCore (2.27.13):
    - AWSCore (= 2.27.13)
  - AWSCognitoIdentityProvider (2.27.13):
    - AWSCognitoIdentityProviderASF (= 2.27.13)
    - AWSCore (= 2.27.13)
  - AWSCognitoIdentityProviderASF (2.27.13):
    - AWSCore (= 2.27.13)
  - AWSCore (2.27.13)
  - AWSMobileClient (2.27.13):
    - AWSAuthCore (= 2.27.13)
    - AWSCognitoIdentityProvider (= 2.27.13)
    - AWSCognitoIdentityProviderASF (= 2.27.13)
    - AWSCore (= 2.27.13)
  - AWSPluginsCore (1.25.0):
    - Amplify (= 1.25.0)
    - AWSCore (~> 2.27.0)
  - AWSS3 (2.27.13):
    - AWSCore (= 2.27.13)
  - camera_avfoundation (0.0.1):
    - Flutter
  - Flutter (1.0.0)
  - flutter_libphonenumber (0.0.1):
    - Flutter
    - PhoneNumberKit/PhoneNumberKitCore (~> 3.3.3)
  - image_picker_ios (0.0.1):
    - Flutter
  - ObjectMapper (4.2.0)
  - package_info_plus (0.4.5):
    - Flutter
  - path_provider_ios (0.0.1):
    - Flutter
  - permission_handler_apple (9.0.4):
    - Flutter
  - PhoneNumberKit/PhoneNumberKitCore (3.3.4)
  - Sentry (7.22.0):
    - Sentry/Core (= 7.22.0)
  - Sentry/Core (7.22.0)
  - sentry_flutter (0.0.1):
    - Flutter
    - FlutterMacOS
    - Sentry (~> 7.22.0)
  - SQLite.swift (0.13.2):
    - SQLite.swift/standard (= 0.13.2)
  - SQLite.swift/standard (0.13.2)
  - Starscream (4.0.4)
  - SwiftFormat/CLI (0.49.17)
  - SwiftLint (0.48.0)
  - url_launcher_ios (0.0.1):
    - Flutter
  - video_player_avfoundation (0.0.1):
    - Flutter

DEPENDENCIES:
  - amplify_api_ios (from `.symlinks/plugins/amplify_api_ios/ios`)
  - amplify_auth_cognito_ios (from `.symlinks/plugins/amplify_auth_cognito_ios/ios`)
  - amplify_core (from `.symlinks/plugins/amplify_core/ios`)
  - amplify_datastore (from `.symlinks/plugins/amplify_datastore/ios`)
  - amplify_flutter_ios (from `.symlinks/plugins/amplify_flutter_ios/ios`)
  - amplify_storage_s3_ios (from `.symlinks/plugins/amplify_storage_s3_ios/ios`)
  - camera_avfoundation (from `.symlinks/plugins/camera_avfoundation/ios`)
  - Flutter (from `Flutter`)
  - flutter_libphonenumber (from `.symlinks/plugins/flutter_libphonenumber/ios`)
  - image_picker_ios (from `.symlinks/plugins/image_picker_ios/ios`)
  - package_info_plus (from `.symlinks/plugins/package_info_plus/ios`)
  - path_provider_ios (from `.symlinks/plugins/path_provider_ios/ios`)
  - permission_handler_apple (from `.symlinks/plugins/permission_handler_apple/ios`)
  - sentry_flutter (from `.symlinks/plugins/sentry_flutter/ios`)
  - url_launcher_ios (from `.symlinks/plugins/url_launcher_ios/ios`)
  - video_player_avfoundation (from `.symlinks/plugins/video_player_avfoundation/ios`)

SPEC REPOS:
  trunk:
    - Amplify
    - AmplifyPlugins
    - AppSyncRealTimeClient
    - AWSAuthCore
    - AWSCognitoIdentityProvider
    - AWSCognitoIdentityProviderASF
    - AWSCore
    - AWSMobileClient
    - AWSPluginsCore
    - AWSS3
    - ObjectMapper
    - PhoneNumberKit
    - Sentry
    - SQLite.swift
    - Starscream
    - SwiftFormat
    - SwiftLint

EXTERNAL SOURCES:
  amplify_api_ios:
    :path: ".symlinks/plugins/amplify_api_ios/ios"
  amplify_auth_cognito_ios:
    :path: ".symlinks/plugins/amplify_auth_cognito_ios/ios"
  amplify_core:
    :path: ".symlinks/plugins/amplify_core/ios"
  amplify_datastore:
    :path: ".symlinks/plugins/amplify_datastore/ios"
  amplify_flutter_ios:
    :path: ".symlinks/plugins/amplify_flutter_ios/ios"
  amplify_storage_s3_ios:
    :path: ".symlinks/plugins/amplify_storage_s3_ios/ios"
  camera_avfoundation:
    :path: ".symlinks/plugins/camera_avfoundation/ios"
  Flutter:
    :path: Flutter
  flutter_libphonenumber:
    :path: ".symlinks/plugins/flutter_libphonenumber/ios"
  image_picker_ios:
    :path: ".symlinks/plugins/image_picker_ios/ios"
  package_info_plus:
    :path: ".symlinks/plugins/package_info_plus/ios"
  path_provider_ios:
    :path: ".symlinks/plugins/path_provider_ios/ios"
  permission_handler_apple:
    :path: ".symlinks/plugins/permission_handler_apple/ios"
  sentry_flutter:
    :path: ".symlinks/plugins/sentry_flutter/ios"
  url_launcher_ios:
    :path: ".symlinks/plugins/url_launcher_ios/ios"
  video_player_avfoundation:
    :path: ".symlinks/plugins/video_player_avfoundation/ios"

SPEC CHECKSUMS:
  Amplify: 4e1839747f51c5f28f95ce36ef6d356f032b42b7
  amplify_api_ios: 769bc2a5f7f8599bcdf070a1ac55831ed10c741c
  amplify_auth_cognito_ios: 8a014f5d5e085265e13a270dc03fbe0818bb1f54
  amplify_core: e67fe0c53845db08aced670bfc7370b1329d2798
  amplify_datastore: 8f103a60f6193127bba035b8ee6090f97a9a3449
  amplify_flutter_ios: 59c43b6b6ff6ccfc59e18eef279d9d6b8fef8cca
  amplify_storage_s3_ios: 958f4989117718621340d7405d792b957adcf764
  AmplifyPlugins: 110388250aeaf45eaf3008991616be84b2c605f7
  AppSyncRealTimeClient: 656ab4215e05f6ca47fe6d8c73f416d9984a8aac
  AWSAuthCore: 9898614783bd6375742b58a1df38c6a8b8276eda
  AWSCognitoIdentityProvider: c105df15533a029230c325acd2be60ff45e8f3f9
  AWSCognitoIdentityProviderASF: e0f40ef2f5c2c357b77553144e8f41a6c0b0b81b
  AWSCore: 05edadb5f3d0b92a50ea8c66b06f1a10477878da
  AWSMobileClient: a49361347ff5c0cff946b3f777936c0fdf9c190d
  AWSPluginsCore: c29c4b91c4ecd7376b85288615bb482f409a0b73
  AWSS3: 0ce6101e04b1c8a72eec165155e2f1da43d7229b
  camera_avfoundation: 07c77549ea54ad95d8581be86617c094a46280d9
  Flutter: 50d75fe2f02b26cc09d224853bb45737f8b3214a
  flutter_libphonenumber: 6a23afdf063b34d1e53e6dbd6c6bc905d18e8e46
  image_picker_ios: b786a5dcf033a8336a657191401bfdf12017dabb
  ObjectMapper: 1eb41f610210777375fa806bf161dc39fb832b81
  package_info_plus: 6c92f08e1f853dc01228d6f553146438dafcd14e
  path_provider_ios: 14f3d2fd28c4fdb42f44e0f751d12861c43cee02
  permission_handler_apple: 44366e37eaf29454a1e7b1b7d736c2cceaeb17ce
  PhoneNumberKit: 441e8b26ec88d598e3591de9061eff18f5dd12e8
  Sentry: 30b51086ca9aac23337880152e95538f7e177f7f
  sentry_flutter: eaca55af5c951f4be6c4b1daddce1744c37d8476
  SQLite.swift: 4fc2be46c36392e3b87afe6fe7f1801c1daa07ef
  Starscream: 5178aed56b316f13fa3bc55694e583d35dd414d9
  SwiftFormat: 64ac3f15bbfc3c830103a17340bcc5b60d9a3acd
  SwiftLint: 284cea64b6187c5d6bd83e9a548a64104d546447
  url_launcher_ios: 839c58cdb4279282219f5e248c3321761ff3c4de
  video_player_avfoundation: e489aac24ef5cf7af82702979ed16f2a5ef84cff

PODFILE CHECKSUM: 309c6b9310d351c4952df6b706c67a52276357b6

COCOAPODS: 1.11.3
