PODS:
  - Amplify (1.23.0):
    - Amplify/Default (= 1.23.0)
  - Amplify/Default (1.23.0)
  - amplify_analytics_pinpoint_ios (0.0.1):
    - Amplify (= 1.23.0)
    - amplify_core
    - AmplifyPlugins/AWSPinpointAnalyticsPlugin (= 1.23.0)
    - Flutter
  - amplify_api_ios (0.0.1):
    - Amplify (= 1.23.0)
    - amplify_core
    - AmplifyPlugins/AWSAPIPlugin (= 1.23.0)
    - Flutter
    - SwiftFormat/CLI
    - SwiftLint
  - amplify_auth_cognito_ios (0.0.1):
    - Amplify (= 1.23.0)
    - amplify_core
    - AmplifyPlugins/AWSCognitoAuthPlugin (= 1.23.0)
    - Flutter
    - ObjectMapper
  - amplify_core (0.0.1):
    - Flutter
    - SwiftFormat/CLI
    - SwiftLint
  - amplify_datastore (0.0.1):
    - Amplify (= 1.23.0)
    - amplify_core
    - AmplifyPlugins/AWSDataStorePlugin (= 1.23.0)
    - Flutter
  - amplify_flutter_ios (0.0.1):
    - Amplify (= 1.23.0)
    - amplify_core
    - AmplifyPlugins/AWSCognitoAuthPlugin (= 1.23.0)
    - AWSPluginsCore (= 1.23.0)
    - Flutter
    - SwiftFormat/CLI
    - SwiftLint
  - amplify_storage_s3_ios (0.0.1):
    - Amplify (= 1.23.0)
    - amplify_core
    - AmplifyPlugins/AWSS3StoragePlugin (= 1.23.0)
    - Flutter
  - AmplifyPlugins/AWSAPIPlugin (1.23.0):
    - AppSyncRealTimeClient (~> 1.8)
    - AWSCore (~> 2.27.0)
    - AWSPluginsCore (= 1.23.0)
  - AmplifyPlugins/AWSCognitoAuthPlugin (1.23.0):
    - AWSAuthCore (~> 2.27.0)
    - AWSCognitoIdentityProvider (~> 2.27.0)
    - AWSCognitoIdentityProviderASF (~> 2.27.0)
    - AWSCore (~> 2.27.0)
    - AWSMobileClient (~> 2.27.0)
    - AWSPluginsCore (= 1.23.0)
  - AmplifyPlugins/AWSDataStorePlugin (1.23.0):
    - AWSCore (~> 2.27.0)
    - AWSPluginsCore (= 1.23.0)
    - SQLite.swift (= 0.13.2)
  - AmplifyPlugins/AWSPinpointAnalyticsPlugin (1.23.0):
    - AWSCore (~> 2.27.0)
    - AWSPinpoint (~> 2.27.0)
    - AWSPluginsCore (= 1.23.0)
  - AmplifyPlugins/AWSS3StoragePlugin (1.23.0):
    - AWSCore (~> 2.27.0)
    - AWSPluginsCore (= 1.23.0)
    - AWSS3 (~> 2.27.0)
  - AppSyncRealTimeClient (1.9.1):
    - Starscream (~> 4.0.4)
  - AWSAuthCore (2.27.7):
    - AWSCore (= 2.27.7)
  - AWSCognitoIdentityProvider (2.27.7):
    - AWSCognitoIdentityProviderASF (= 2.27.7)
    - AWSCore (= 2.27.7)
  - AWSCognitoIdentityProviderASF (2.27.7):
    - AWSCore (= 2.27.7)
  - AWSCore (2.27.7)
  - AWSMobileClient (2.27.7):
    - AWSAuthCore (= 2.27.7)
    - AWSCognitoIdentityProvider (= 2.27.7)
    - AWSCognitoIdentityProviderASF (= 2.27.7)
    - AWSCore (= 2.27.7)
  - AWSPinpoint (2.27.7):
    - AWSCore (= 2.27.7)
  - AWSPluginsCore (1.23.0):
    - Amplify (= 1.23.0)
    - AWSCore (~> 2.27.0)
  - AWSS3 (2.27.7):
    - AWSCore (= 2.27.7)
  - camera (0.0.1):
    - Flutter
  - Flutter (1.0.0)
  - flutter_libphonenumber (0.0.1):
    - Flutter
    - PhoneNumberKit/PhoneNumberKitCore (~> 3.3.3)
  - image_picker_ios (0.0.1):
    - Flutter
  - ObjectMapper (4.2.0)
  - path_provider_ios (0.0.1):
    - Flutter
  - permission_handler_apple (9.0.4):
    - Flutter
  - PhoneNumberKit/PhoneNumberKitCore (3.3.4)
  - SQLite.swift (0.13.2):
    - SQLite.swift/standard (= 0.13.2)
  - SQLite.swift/standard (0.13.2)
  - Starscream (4.0.4)
  - SwiftFormat/CLI (0.49.8)
  - SwiftLint (0.47.1)
  - video_player_avfoundation (0.0.1):
    - Flutter

DEPENDENCIES:
  - amplify_analytics_pinpoint_ios (from `.symlinks/plugins/amplify_analytics_pinpoint_ios/ios`)
  - amplify_api_ios (from `.symlinks/plugins/amplify_api_ios/ios`)
  - amplify_auth_cognito_ios (from `.symlinks/plugins/amplify_auth_cognito_ios/ios`)
  - amplify_core (from `.symlinks/plugins/amplify_core/ios`)
  - amplify_datastore (from `.symlinks/plugins/amplify_datastore/ios`)
  - amplify_flutter_ios (from `.symlinks/plugins/amplify_flutter_ios/ios`)
  - amplify_storage_s3_ios (from `.symlinks/plugins/amplify_storage_s3_ios/ios`)
  - camera (from `.symlinks/plugins/camera/ios`)
  - Flutter (from `Flutter`)
  - flutter_libphonenumber (from `.symlinks/plugins/flutter_libphonenumber/ios`)
  - image_picker_ios (from `.symlinks/plugins/image_picker_ios/ios`)
  - path_provider_ios (from `.symlinks/plugins/path_provider_ios/ios`)
  - permission_handler_apple (from `.symlinks/plugins/permission_handler_apple/ios`)
  - video_player_avfoundation (from `.symlinks/plugins/video_player_avfoundation/ios`)

SPEC REPOS:
  trunk:
    - Amplify
    - AmplifyPlugins
    - AppSyncRealTimeClient
    - AWSAuthCore
    - AWSCognitoIdentityProvider
    - AWSCognitoIdentityProviderASF
    - AWSCore
    - AWSMobileClient
    - AWSPinpoint
    - AWSPluginsCore
    - AWSS3
    - ObjectMapper
    - PhoneNumberKit
    - SQLite.swift
    - Starscream
    - SwiftFormat
    - SwiftLint

EXTERNAL SOURCES:
  amplify_analytics_pinpoint_ios:
    :path: ".symlinks/plugins/amplify_analytics_pinpoint_ios/ios"
  amplify_api_ios:
    :path: ".symlinks/plugins/amplify_api_ios/ios"
  amplify_auth_cognito_ios:
    :path: ".symlinks/plugins/amplify_auth_cognito_ios/ios"
  amplify_core:
    :path: ".symlinks/plugins/amplify_core/ios"
  amplify_datastore:
    :path: ".symlinks/plugins/amplify_datastore/ios"
  amplify_flutter_ios:
    :path: ".symlinks/plugins/amplify_flutter_ios/ios"
  amplify_storage_s3_ios:
    :path: ".symlinks/plugins/amplify_storage_s3_ios/ios"
  camera:
    :path: ".symlinks/plugins/camera/ios"
  Flutter:
    :path: Flutter
  flutter_libphonenumber:
    :path: ".symlinks/plugins/flutter_libphonenumber/ios"
  image_picker_ios:
    :path: ".symlinks/plugins/image_picker_ios/ios"
  path_provider_ios:
    :path: ".symlinks/plugins/path_provider_ios/ios"
  permission_handler_apple:
    :path: ".symlinks/plugins/permission_handler_apple/ios"
  video_player_avfoundation:
    :path: ".symlinks/plugins/video_player_avfoundation/ios"

SPEC CHECKSUMS:
  Amplify: 010d6a71db20812d9e3062db1fe827393d01e584
  amplify_analytics_pinpoint_ios: 6353367c6b59d271fbea2715c5e257e5a84a89e4
  amplify_api_ios: df3f5e3ddd5ae4e0d2ce48dce18a23e787bac884
  amplify_auth_cognito_ios: c67d4bf0901717cb193f16ed24c389be7f4d7daf
  amplify_core: e67fe0c53845db08aced670bfc7370b1329d2798
  amplify_datastore: 8c35a89e553716222b33cc8cc587ea978a982244
  amplify_flutter_ios: a2cf41c13161ffefedab76055a29b2d4e78c91e8
  amplify_storage_s3_ios: 9f909ed387be893ee4a26b040ad1fb7212b9e14d
  AmplifyPlugins: d939707cf36dfcd53c5fd6533e842e323a2287ab
  AppSyncRealTimeClient: cdee78ab78249cb87a71d975e1436e692813a606
  AWSAuthCore: 039a730c4608a862e114a7eabcf09e1451335a75
  AWSCognitoIdentityProvider: b8d5b7a15d1b418658e591fce2aec82091254f0e
  AWSCognitoIdentityProviderASF: 70269c1a788f3705d98e31dc8c8cebfa32535103
  AWSCore: 9b302330a83a8c0ea1a22b1f115d6af14f4429e3
  AWSMobileClient: c9063df967681d42522c2e19804d6cfca45361e4
  AWSPinpoint: a1a03c1e62b8a40382414c6630628a51304ad680
  AWSPluginsCore: 120cfa265293694921b6595fe00d1cb5ab558847
  AWSS3: 6e41ccb946031c1e49c899563e5ecf42aec63692
  camera: 9993f92f2c793e87b65e35f3a23c70582afb05b1
  Flutter: 50d75fe2f02b26cc09d224853bb45737f8b3214a
  flutter_libphonenumber: 6a23afdf063b34d1e53e6dbd6c6bc905d18e8e46
  image_picker_ios: b786a5dcf033a8336a657191401bfdf12017dabb
  ObjectMapper: 1eb41f610210777375fa806bf161dc39fb832b81
  path_provider_ios: 14f3d2fd28c4fdb42f44e0f751d12861c43cee02
  permission_handler_apple: 44366e37eaf29454a1e7b1b7d736c2cceaeb17ce
  PhoneNumberKit: 441e8b26ec88d598e3591de9061eff18f5dd12e8
  SQLite.swift: 4fc2be46c36392e3b87afe6fe7f1801c1daa07ef
  Starscream: 5178aed56b316f13fa3bc55694e583d35dd414d9
  SwiftFormat: e2342d528f9aee7062abb644ba6c7c01446919d7
  SwiftLint: f80f1be7fa96d30e0aa68e58d45d4ea1ccaac519
  video_player_avfoundation: e489aac24ef5cf7af82702979ed16f2a5ef84cff

PODFILE CHECKSUM: cc1f88378b4bfcf93a6ce00d2c587857c6008d3b

COCOAPODS: 1.11.3
